
Microsoft Visual Studio Solution File, Format Version 12.00
# Visual Studio Version 17
VisualStudioVersion = 17.8.34330.188
MinimumVisualStudioVersion = 10.0.40219.1
Project("{FAE04EC0-301F-11D3-BF4B-00C04F79EFBC}") = "ImgAssembling", "ImgAssembling.csproj", "{E83F81B4-D402-451F-997C-7DB9565E811E}"
EndProject
Project("{FAE04EC0-301F-11D3-BF4B-00C04F79EFBC}") = "TestProgram", "..\TestProgram\TestProgram.csproj", "{BCE66FCB-E9F6-4A20-BC6C-6CE4075933ED}"
EndProject
Global
	GlobalSection(SolutionConfigurationPlatforms) = preSolution
		Debug|Any CPU = Debug|Any CPU
		Release|Any CPU = Release|Any CPU
	EndGlobalSection
	GlobalSection(ProjectConfigurationPlatforms) = postSolution
		{E83F81B4-D402-451F-997C-7DB9565E811E}.Debug|Any CPU.ActiveCfg = Debug|Any CPU
		{E83F81B4-D402-451F-997C-7DB9565E811E}.Debug|Any CPU.Build.0 = Debug|Any CPU
		{E83F81B4-D402-451F-997C-7DB9565E811E}.Release|Any CPU.ActiveCfg = Release|Any CPU
		{E83F81B4-D402-451F-997C-7DB9565E811E}.Release|Any CPU.Build.0 = Release|Any CPU
		{BCE66FCB-E9F6-4A20-BC6C-6CE4075933ED}.Debug|Any CPU.ActiveCfg = Debug|Any CPU
		{BCE66FCB-E9F6-4A20-BC6C-6CE4075933ED}.Debug|Any CPU.Build.0 = Debug|Any CPU
		{BCE66FCB-E9F6-4A20-BC6C-6CE4075933ED}.Release|Any CPU.ActiveCfg = Release|Any CPU
		{BCE66FCB-E9F6-4A20-BC6C-6CE4075933ED}.Release|Any CPU.Build.0 = Release|Any CPU
	EndGlobalSection
	GlobalSection(SolutionProperties) = preSolution
		HideSolutionNode = FALSE
	EndGlobalSection
	GlobalSection(ExtensibilityGlobals) = postSolution
		SolutionGuid = {AA8DCEB1-B9DA-429C-A77F-F4CF55D73801}
	EndGlobalSection
EndGlobal
